
Microsoft Visual Studio Solution File, Format Version 12.00
# Visual Studio Version 17
VisualStudioVersion = 17.2.32630.192
MinimumVisualStudioVersion = 10.0.40219.1
Project("{FAE04EC0-301F-11D3-BF4B-00C04F79EFBC}") = "Propuesta", "Propuesta.csproj", "{870F5765-6A00-4BEC-A5D5-040C5BF2D67D}"
EndProject
Global
	GlobalSection(SolutionConfigurationPlatforms) = preSolution
		Debug|Any CPU = Debug|Any CPU
		Release|Any CPU = Release|Any CPU
	EndGlobalSection
	GlobalSection(ProjectConfigurationPlatforms) = postSolution
		{870F5765-6A00-4BEC-A5D5-040C5BF2D67D}.Debug|Any CPU.ActiveCfg = Debug|Any CPU
		{870F5765-6A00-4BEC-A5D5-040C5BF2D67D}.Debug|Any CPU.Build.0 = Debug|Any CPU
		{870F5765-6A00-4BEC-A5D5-040C5BF2D67D}.Release|Any CPU.ActiveCfg = Release|Any CPU
		{870F5765-6A00-4BEC-A5D5-040C5BF2D67D}.Release|Any CPU.Build.0 = Release|Any CPU
	EndGlobalSection
	GlobalSection(SolutionProperties) = preSolution
		HideSolutionNode = FALSE
	EndGlobalSection
	GlobalSection(ExtensibilityGlobals) = postSolution
		SolutionGuid = {7B1E65E2-1EA3-4E5F-88BB-08FA03867E3E}
	EndGlobalSection
EndGlobal
